
Microsoft Visual Studio Solution File, Format Version 12.00
# Visual Studio Version 17
VisualStudioVersion = 17.0.32112.339
MinimumVisualStudioVersion = 10.0.40219.1
Project("{FAE04EC0-301F-11D3-BF4B-00C04F79EFBC}") = "AITBookLibraryLocal", "AITBookLibraryLocal\AITBookLibraryLocal.csproj", "{E347EB63-0443-456D-9C7B-32F336767FE1}"
	ProjectSection(ProjectDependencies) = postProject
		{0E81FF12-87F7-4D82-BEA1-8BEEEC84E6DB} = {0E81FF12-87F7-4D82-BEA1-8BEEEC84E6DB}
	EndProjectSection
EndProject
Project("{FAE04EC0-301F-11D3-BF4B-00C04F79EFBC}") = "DataAccessLayerLocal", "..\DataAccessLayerLocal\DataAccessLayerLocal\DataAccessLayerLocal.csproj", "{0E81FF12-87F7-4D82-BEA1-8BEEEC84E6DB}"
EndProject
Project("{FAE04EC0-301F-11D3-BF4B-00C04F79EFBC}") = "BusinessLogicLocal", "..\BusinessLogicLocal\BusinessLogicLocal\BusinessLogicLocal.csproj", "{6FAADDC2-5E6D-4E58-9E43-A81CDD7398DB}"
EndProject
Global
	GlobalSection(SolutionConfigurationPlatforms) = preSolution
		Debug|Any CPU = Debug|Any CPU
		Release|Any CPU = Release|Any CPU
	EndGlobalSection
	GlobalSection(ProjectConfigurationPlatforms) = postSolution
		{E347EB63-0443-456D-9C7B-32F336767FE1}.Debug|Any CPU.ActiveCfg = Debug|Any CPU
		{E347EB63-0443-456D-9C7B-32F336767FE1}.Debug|Any CPU.Build.0 = Debug|Any CPU
		{E347EB63-0443-456D-9C7B-32F336767FE1}.Release|Any CPU.ActiveCfg = Release|Any CPU
		{E347EB63-0443-456D-9C7B-32F336767FE1}.Release|Any CPU.Build.0 = Release|Any CPU
		{0E81FF12-87F7-4D82-BEA1-8BEEEC84E6DB}.Debug|Any CPU.ActiveCfg = Debug|Any CPU
		{0E81FF12-87F7-4D82-BEA1-8BEEEC84E6DB}.Debug|Any CPU.Build.0 = Debug|Any CPU
		{0E81FF12-87F7-4D82-BEA1-8BEEEC84E6DB}.Release|Any CPU.ActiveCfg = Release|Any CPU
		{0E81FF12-87F7-4D82-BEA1-8BEEEC84E6DB}.Release|Any CPU.Build.0 = Release|Any CPU
		{6FAADDC2-5E6D-4E58-9E43-A81CDD7398DB}.Debug|Any CPU.ActiveCfg = Debug|Any CPU
		{6FAADDC2-5E6D-4E58-9E43-A81CDD7398DB}.Debug|Any CPU.Build.0 = Debug|Any CPU
		{6FAADDC2-5E6D-4E58-9E43-A81CDD7398DB}.Release|Any CPU.ActiveCfg = Release|Any CPU
		{6FAADDC2-5E6D-4E58-9E43-A81CDD7398DB}.Release|Any CPU.Build.0 = Release|Any CPU
	EndGlobalSection
	GlobalSection(SolutionProperties) = preSolution
		HideSolutionNode = FALSE
	EndGlobalSection
	GlobalSection(ExtensibilityGlobals) = postSolution
		SolutionGuid = {F2C566CD-8A41-4176-9389-1305B967BE66}
	EndGlobalSection
EndGlobal
